
Microsoft Visual Studio Solution File, Format Version 12.00
# Visual Studio Version 17
VisualStudioVersion = 17.3.32901.215
MinimumVisualStudioVersion = 10.0.40219.1
Project("{9A19103F-16F7-4668-BE54-9A1E7A4F7556}") = "StringListHandler", "StringListHandler\StringListHandler.csproj", "{D6224E4F-19DE-4D89-B4C0-1EACF62A6E0C}"
EndProject
Project("{9A19103F-16F7-4668-BE54-9A1E7A4F7556}") = "StringListHandler.Test", "StringListHandler.Test\StringListHandler.Test.csproj", "{0CB3639E-B98E-4AF0-A5FC-E76DEC661707}"
EndProject
Project("{9A19103F-16F7-4668-BE54-9A1E7A4F7556}") = "StringListHandlerWeb", "StringListHandlerWeb\StringListHandlerWeb.csproj", "{FABCCCF9-7314-48FE-B5BA-93B69B44D58F}"
EndProject
Global
	GlobalSection(SolutionConfigurationPlatforms) = preSolution
		Debug|Any CPU = Debug|Any CPU
		Release|Any CPU = Release|Any CPU
	EndGlobalSection
	GlobalSection(ProjectConfigurationPlatforms) = postSolution
		{D6224E4F-19DE-4D89-B4C0-1EACF62A6E0C}.Debug|Any CPU.ActiveCfg = Debug|Any CPU
		{D6224E4F-19DE-4D89-B4C0-1EACF62A6E0C}.Debug|Any CPU.Build.0 = Debug|Any CPU
		{D6224E4F-19DE-4D89-B4C0-1EACF62A6E0C}.Release|Any CPU.ActiveCfg = Release|Any CPU
		{D6224E4F-19DE-4D89-B4C0-1EACF62A6E0C}.Release|Any CPU.Build.0 = Release|Any CPU
		{0CB3639E-B98E-4AF0-A5FC-E76DEC661707}.Debug|Any CPU.ActiveCfg = Debug|Any CPU
		{0CB3639E-B98E-4AF0-A5FC-E76DEC661707}.Debug|Any CPU.Build.0 = Debug|Any CPU
		{0CB3639E-B98E-4AF0-A5FC-E76DEC661707}.Release|Any CPU.ActiveCfg = Release|Any CPU
		{0CB3639E-B98E-4AF0-A5FC-E76DEC661707}.Release|Any CPU.Build.0 = Release|Any CPU
		{FABCCCF9-7314-48FE-B5BA-93B69B44D58F}.Debug|Any CPU.ActiveCfg = Debug|Any CPU
		{FABCCCF9-7314-48FE-B5BA-93B69B44D58F}.Debug|Any CPU.Build.0 = Debug|Any CPU
		{FABCCCF9-7314-48FE-B5BA-93B69B44D58F}.Release|Any CPU.ActiveCfg = Release|Any CPU
		{FABCCCF9-7314-48FE-B5BA-93B69B44D58F}.Release|Any CPU.Build.0 = Release|Any CPU
	EndGlobalSection
	GlobalSection(SolutionProperties) = preSolution
		HideSolutionNode = FALSE
	EndGlobalSection
	GlobalSection(ExtensibilityGlobals) = postSolution
		SolutionGuid = {D5380800-836C-4A38-AD5F-184314AB478F}
	EndGlobalSection
EndGlobal
